
Microsoft Visual Studio Solution File, Format Version 12.00
# Visual Studio Version 16
VisualStudioVersion = 16.0.28822.285
MinimumVisualStudioVersion = 10.0.40219.1
Project("{2150E333-8FDC-42A3-9474-1A3956D46DE8}") = "Solution Items", "Solution Items", "{BF9B033A-0E62-4A43-98DC-B737FFD1AD47}"
	ProjectSection(SolutionItems) = preProject
		.editorconfig = .editorconfig
		.gitignore = .gitignore
		GitVersion.yml = GitVersion.yml
		LICENSE.md = LICENSE.md
		README.md = README.md
	EndProjectSection
EndProject
Project("{9A19103F-16F7-4668-BE54-9A1E7A4F7556}") = "_build", "build\_build.csproj", "{9CC16728-99AC-4872-B857-0F220E5AB988}"
EndProject
Project("{9A19103F-16F7-4668-BE54-9A1E7A4F7556}") = "ProvisionData.EntityFrameworkCore", "source\ProvisionData.EntityFramework\ProvisionData.EntityFrameworkCore.csproj", "{EFB70596-0365-4A1D-AD35-A45C23ABC6B2}"
EndProject
Project("{9A19103F-16F7-4668-BE54-9A1E7A4F7556}") = "ProvisionData.EntityFrameworkCore.IntegrationTests", "tests\ProvisionData.EntityFrameworkCore.IntegrationTests\ProvisionData.EntityFrameworkCore.IntegrationTests.csproj", "{9EB32B26-9D07-4961-8205-636ED1A0BCCA}"
EndProject
Project("{9A19103F-16F7-4668-BE54-9A1E7A4F7556}") = "ProvisionData.EntityFrameworkCore.IntegrationTests.SqlServer", "tests\ProvisionData.EntityFrameworkCore.IntegrationTests.SqlServer\ProvisionData.EntityFrameworkCore.IntegrationTests.SqlServer.csproj", "{7504FBEF-0D22-41BB-9F1B-6D4C5416FD4B}"
EndProject
Project("{9A19103F-16F7-4668-BE54-9A1E7A4F7556}") = "ProvisionData.EntityFrameworkCore.IntegrationTests.PostgreSQL", "tests\ProvisionData.EntityFrameworkCore.IntegrationTests.PostgreSQL\ProvisionData.EntityFrameworkCore.IntegrationTests.PostgreSQL.csproj", "{BCA7C64A-3441-4492-AD54-A63EE847014F}"
EndProject
Global
	GlobalSection(SolutionConfigurationPlatforms) = preSolution
		Debug|Any CPU = Debug|Any CPU
		Release|Any CPU = Release|Any CPU
	EndGlobalSection
	GlobalSection(ProjectConfigurationPlatforms) = postSolution
		{9CC16728-99AC-4872-B857-0F220E5AB988}.Debug|Any CPU.ActiveCfg = Debug|Any CPU
		{9CC16728-99AC-4872-B857-0F220E5AB988}.Release|Any CPU.ActiveCfg = Release|Any CPU
		{EFB70596-0365-4A1D-AD35-A45C23ABC6B2}.Debug|Any CPU.ActiveCfg = Debug|Any CPU
		{EFB70596-0365-4A1D-AD35-A45C23ABC6B2}.Debug|Any CPU.Build.0 = Debug|Any CPU
		{EFB70596-0365-4A1D-AD35-A45C23ABC6B2}.Release|Any CPU.ActiveCfg = Release|Any CPU
		{EFB70596-0365-4A1D-AD35-A45C23ABC6B2}.Release|Any CPU.Build.0 = Release|Any CPU
		{9EB32B26-9D07-4961-8205-636ED1A0BCCA}.Debug|Any CPU.ActiveCfg = Debug|Any CPU
		{9EB32B26-9D07-4961-8205-636ED1A0BCCA}.Debug|Any CPU.Build.0 = Debug|Any CPU
		{9EB32B26-9D07-4961-8205-636ED1A0BCCA}.Release|Any CPU.ActiveCfg = Release|Any CPU
		{9EB32B26-9D07-4961-8205-636ED1A0BCCA}.Release|Any CPU.Build.0 = Release|Any CPU
		{7504FBEF-0D22-41BB-9F1B-6D4C5416FD4B}.Debug|Any CPU.ActiveCfg = Debug|Any CPU
		{7504FBEF-0D22-41BB-9F1B-6D4C5416FD4B}.Debug|Any CPU.Build.0 = Debug|Any CPU
		{7504FBEF-0D22-41BB-9F1B-6D4C5416FD4B}.Release|Any CPU.ActiveCfg = Release|Any CPU
		{7504FBEF-0D22-41BB-9F1B-6D4C5416FD4B}.Release|Any CPU.Build.0 = Release|Any CPU
		{BCA7C64A-3441-4492-AD54-A63EE847014F}.Debug|Any CPU.ActiveCfg = Debug|Any CPU
		{BCA7C64A-3441-4492-AD54-A63EE847014F}.Debug|Any CPU.Build.0 = Debug|Any CPU
		{BCA7C64A-3441-4492-AD54-A63EE847014F}.Release|Any CPU.ActiveCfg = Release|Any CPU
		{BCA7C64A-3441-4492-AD54-A63EE847014F}.Release|Any CPU.Build.0 = Release|Any CPU
	EndGlobalSection
	GlobalSection(SolutionProperties) = preSolution
		HideSolutionNode = FALSE
	EndGlobalSection
	GlobalSection(NestedProjects) = preSolution
		{9CC16728-99AC-4872-B857-0F220E5AB988} = {BF9B033A-0E62-4A43-98DC-B737FFD1AD47}
	EndGlobalSection
	GlobalSection(ExtensibilityGlobals) = postSolution
		SolutionGuid = {E58667A9-72FE-4BE9-998F-F7640FED2AAC}
	EndGlobalSection
EndGlobal
